
Microsoft Visual Studio Solution File, Format Version 12.00
# Visual Studio Version 17
VisualStudioVersion = 17.5.33530.505
MinimumVisualStudioVersion = 10.0.40219.1
Project("{FAE04EC0-301F-11D3-BF4B-00C04F79EFBC}") = "autoteambuilder", "autoteambuilder.csproj", "{812DBB6D-65CB-4B10-8627-5A1F67E4AA8A}"
EndProject
Global
	GlobalSection(SolutionConfigurationPlatforms) = preSolution
		Debug|Any CPU = Debug|Any CPU
		Release|Any CPU = Release|Any CPU
	EndGlobalSection
	GlobalSection(ProjectConfigurationPlatforms) = postSolution
		{812DBB6D-65CB-4B10-8627-5A1F67E4AA8A}.Debug|Any CPU.ActiveCfg = Debug|Any CPU
		{812DBB6D-65CB-4B10-8627-5A1F67E4AA8A}.Debug|Any CPU.Build.0 = Debug|Any CPU
		{812DBB6D-65CB-4B10-8627-5A1F67E4AA8A}.Release|Any CPU.ActiveCfg = Release|Any CPU
		{812DBB6D-65CB-4B10-8627-5A1F67E4AA8A}.Release|Any CPU.Build.0 = Release|Any CPU
	EndGlobalSection
	GlobalSection(SolutionProperties) = preSolution
		HideSolutionNode = FALSE
	EndGlobalSection
	GlobalSection(ExtensibilityGlobals) = postSolution
		SolutionGuid = {3F90C8B8-C9B6-479D-9458-C2EC63A2EA40}
	EndGlobalSection
EndGlobal
