
Microsoft Visual Studio Solution File, Format Version 12.00
# Visual Studio Version 17
VisualStudioVersion = 17.6.33723.286
MinimumVisualStudioVersion = 10.0.40219.1
Project("{FAE04EC0-301F-11D3-BF4B-00C04F79EFBC}") = "blazorServerApp", "blazorServerApp.csproj", "{C230AB60-33B6-433D-B587-8DAA44695FF7}"
EndProject
Global
	GlobalSection(SolutionConfigurationPlatforms) = preSolution
		Debug|Any CPU = Debug|Any CPU
		Release|Any CPU = Release|Any CPU
	EndGlobalSection
	GlobalSection(ProjectConfigurationPlatforms) = postSolution
		{C230AB60-33B6-433D-B587-8DAA44695FF7}.Debug|Any CPU.ActiveCfg = Debug|Any CPU
		{C230AB60-33B6-433D-B587-8DAA44695FF7}.Debug|Any CPU.Build.0 = Debug|Any CPU
		{C230AB60-33B6-433D-B587-8DAA44695FF7}.Release|Any CPU.ActiveCfg = Release|Any CPU
		{C230AB60-33B6-433D-B587-8DAA44695FF7}.Release|Any CPU.Build.0 = Release|Any CPU
	EndGlobalSection
	GlobalSection(SolutionProperties) = preSolution
		HideSolutionNode = FALSE
	EndGlobalSection
	GlobalSection(ExtensibilityGlobals) = postSolution
		SolutionGuid = {A1F6BE48-F9CD-487B-8E32-9090BAB3B737}
	EndGlobalSection
EndGlobal
